// !$*UTF8*$!
{
	archiveVersion = 1;
	classes = {
	};
	objectVersion = 51;
	objects = {

/* Begin PBXBuildFile section */
		1132BC6726A8B8510063FACC /* RocketCollectionViewCell.swift in Sources */ = {isa = PBXBuildFile; fileRef = 1132BC6526A8B8500063FACC /* RocketCollectionViewCell.swift */; };
		1132BC6826A8B8510063FACC /* RocketCollectionViewCell.xib in Resources */ = {isa = PBXBuildFile; fileRef = 1132BC6626A8B8500063FACC /* RocketCollectionViewCell.xib */; };
		1132BC6A26A8BAB30063FACC /* RocketModel.swift in Sources */ = {isa = PBXBuildFile; fileRef = 1132BC6926A8BAB30063FACC /* RocketModel.swift */; };
		1132BC6C26A8BE570063FACC /* String+Extension.swift in Sources */ = {isa = PBXBuildFile; fileRef = 1132BC6B26A8BE570063FACC /* String+Extension.swift */; };
		1132BC6F26A8C63D0063FACC /* CardView.swift in Sources */ = {isa = PBXBuildFile; fileRef = 1132BC6E26A8C63D0063FACC /* CardView.swift */; };
		1132BC7426A8CB190063FACC /* PastLaunchesCollectionViewCell.swift in Sources */ = {isa = PBXBuildFile; fileRef = 1132BC7226A8CB190063FACC /* PastLaunchesCollectionViewCell.swift */; };
		1132BC7526A8CB190063FACC /* PastLaunchesCollectionViewCell.xib in Resources */ = {isa = PBXBuildFile; fileRef = 1132BC7326A8CB190063FACC /* PastLaunchesCollectionViewCell.xib */; };
		1132BC7726A8CEE30063FACC /* PastLaunchModel.swift in Sources */ = {isa = PBXBuildFile; fileRef = 1132BC7626A8CEE30063FACC /* PastLaunchModel.swift */; };
		11C17D2626AA23790087C9B1 /* UpcomingLaunchModel.swift in Sources */ = {isa = PBXBuildFile; fileRef = 11C17D2526AA23790087C9B1 /* UpcomingLaunchModel.swift */; };
		11C17D2926AA23C60087C9B1 /* UpcomingLaunchesCollectionViewCell.swift in Sources */ = {isa = PBXBuildFile; fileRef = 11C17D2726AA23C60087C9B1 /* UpcomingLaunchesCollectionViewCell.swift */; };
		11C17D2A26AA23C60087C9B1 /* UpcomingLaunchesCollectionViewCell.xib in Resources */ = {isa = PBXBuildFile; fileRef = 11C17D2826AA23C60087C9B1 /* UpcomingLaunchesCollectionViewCell.xib */; };
		11C17D2D26AA31FC0087C9B1 /* LaunchDetailViewController.swift in Sources */ = {isa = PBXBuildFile; fileRef = 11C17D2C26AA31FC0087C9B1 /* LaunchDetailViewController.swift */; };
		11FAC36F26A84A39003D50D8 /* AppDelegate.swift in Sources */ = {isa = PBXBuildFile; fileRef = 11FAC36E26A84A39003D50D8 /* AppDelegate.swift */; };
		11FAC37126A84A39003D50D8 /* SceneDelegate.swift in Sources */ = {isa = PBXBuildFile; fileRef = 11FAC37026A84A39003D50D8 /* SceneDelegate.swift */; };
		11FAC37326A84A39003D50D8 /* OnboardingViewController.swift in Sources */ = {isa = PBXBuildFile; fileRef = 11FAC37226A84A39003D50D8 /* OnboardingViewController.swift */; };
		11FAC37626A84A39003D50D8 /* Main.storyboard in Resources */ = {isa = PBXBuildFile; fileRef = 11FAC37426A84A39003D50D8 /* Main.storyboard */; };
		11FAC37826A84A3C003D50D8 /* Assets.xcassets in Resources */ = {isa = PBXBuildFile; fileRef = 11FAC37726A84A3C003D50D8 /* Assets.xcassets */; };
		11FAC37B26A84A3C003D50D8 /* LaunchScreen.storyboard in Resources */ = {isa = PBXBuildFile; fileRef = 11FAC37926A84A3C003D50D8 /* LaunchScreen.storyboard */; };
		11FAC38926A84D6C003D50D8 /* UIView+Extension.swift in Sources */ = {isa = PBXBuildFile; fileRef = 11FAC38826A84D6C003D50D8 /* UIView+Extension.swift */; };
		11FAC38B26A84FC8003D50D8 /* OnboardingSlides.swift in Sources */ = {isa = PBXBuildFile; fileRef = 11FAC38A26A84FC8003D50D8 /* OnboardingSlides.swift */; };
		11FAC38D26A8526A003D50D8 /* OnboardingCollectionViewCell.swift in Sources */ = {isa = PBXBuildFile; fileRef = 11FAC38C26A8526A003D50D8 /* OnboardingCollectionViewCell.swift */; };
		11FAC39126A85F63003D50D8 /* HomeViewController.swift in Sources */ = {isa = PBXBuildFile; fileRef = 11FAC39026A85F62003D50D8 /* HomeViewController.swift */; };
		FF5F73E263EAEC70B0392733 /* Pods_Project_SpaceX.framework in Frameworks */ = {isa = PBXBuildFile; fileRef = E59D06B22A6EAB70B956202D /* Pods_Project_SpaceX.framework */; };
/* End PBXBuildFile section */

/* Begin PBXFileReference section */
		1132BC6526A8B8500063FACC /* RocketCollectionViewCell.swift */ = {isa = PBXFileReference; lastKnownFileType = sourcecode.swift; path = RocketCollectionViewCell.swift; sourceTree = "<group>"; };
		1132BC6626A8B8500063FACC /* RocketCollectionViewCell.xib */ = {isa = PBXFileReference; lastKnownFileType = file.xib; path = RocketCollectionViewCell.xib; sourceTree = "<group>"; };
		1132BC6926A8BAB30063FACC /* RocketModel.swift */ = {isa = PBXFileReference; lastKnownFileType = sourcecode.swift; path = RocketModel.swift; sourceTree = "<group>"; };
		1132BC6B26A8BE570063FACC /* String+Extension.swift */ = {isa = PBXFileReference; lastKnownFileType = sourcecode.swift; path = "String+Extension.swift"; sourceTree = "<group>"; };
		1132BC6E26A8C63D0063FACC /* CardView.swift */ = {isa = PBXFileReference; lastKnownFileType = sourcecode.swift; path = CardView.swift; sourceTree = "<group>"; };
		1132BC7226A8CB190063FACC /* PastLaunchesCollectionViewCell.swift */ = {isa = PBXFileReference; lastKnownFileType = sourcecode.swift; path = PastLaunchesCollectionViewCell.swift; sourceTree = "<group>"; };
		1132BC7326A8CB190063FACC /* PastLaunchesCollectionViewCell.xib */ = {isa = PBXFileReference; lastKnownFileType = file.xib; path = PastLaunchesCollectionViewCell.xib; sourceTree = "<group>"; };
		1132BC7626A8CEE30063FACC /* PastLaunchModel.swift */ = {isa = PBXFileReference; lastKnownFileType = sourcecode.swift; path = PastLaunchModel.swift; sourceTree = "<group>"; };
		11C17D2526AA23790087C9B1 /* UpcomingLaunchModel.swift */ = {isa = PBXFileReference; lastKnownFileType = sourcecode.swift; path = UpcomingLaunchModel.swift; sourceTree = "<group>"; };
		11C17D2726AA23C60087C9B1 /* UpcomingLaunchesCollectionViewCell.swift */ = {isa = PBXFileReference; lastKnownFileType = sourcecode.swift; path = UpcomingLaunchesCollectionViewCell.swift; sourceTree = "<group>"; };
		11C17D2826AA23C60087C9B1 /* UpcomingLaunchesCollectionViewCell.xib */ = {isa = PBXFileReference; lastKnownFileType = file.xib; path = UpcomingLaunchesCollectionViewCell.xib; sourceTree = "<group>"; };
		11C17D2C26AA31FC0087C9B1 /* LaunchDetailViewController.swift */ = {isa = PBXFileReference; lastKnownFileType = sourcecode.swift; path = LaunchDetailViewController.swift; sourceTree = "<group>"; };
		11FAC36B26A84A39003D50D8 /* Project-SpaceX.app */ = {isa = PBXFileReference; explicitFileType = wrapper.application; includeInIndex = 0; path = "Project-SpaceX.app"; sourceTree = BUILT_PRODUCTS_DIR; };
		11FAC36E26A84A39003D50D8 /* AppDelegate.swift */ = {isa = PBXFileReference; lastKnownFileType = sourcecode.swift; path = AppDelegate.swift; sourceTree = "<group>"; };
		11FAC37026A84A39003D50D8 /* SceneDelegate.swift */ = {isa = PBXFileReference; lastKnownFileType = sourcecode.swift; path = SceneDelegate.swift; sourceTree = "<group>"; };
		11FAC37226A84A39003D50D8 /* OnboardingViewController.swift */ = {isa = PBXFileReference; lastKnownFileType = sourcecode.swift; path = OnboardingViewController.swift; sourceTree = "<group>"; };
		11FAC37526A84A39003D50D8 /* Base */ = {isa = PBXFileReference; lastKnownFileType = file.storyboard; name = Base; path = Base.lproj/Main.storyboard; sourceTree = "<group>"; };
		11FAC37726A84A3C003D50D8 /* Assets.xcassets */ = {isa = PBXFileReference; lastKnownFileType = folder.assetcatalog; path = Assets.xcassets; sourceTree = "<group>"; };
		11FAC37A26A84A3C003D50D8 /* Base */ = {isa = PBXFileReference; lastKnownFileType = file.storyboard; name = Base; path = Base.lproj/LaunchScreen.storyboard; sourceTree = "<group>"; };
		11FAC37C26A84A3C003D50D8 /* Info.plist */ = {isa = PBXFileReference; lastKnownFileType = text.plist.xml; path = Info.plist; sourceTree = "<group>"; };
		11FAC38826A84D6C003D50D8 /* UIView+Extension.swift */ = {isa = PBXFileReference; lastKnownFileType = sourcecode.swift; path = "UIView+Extension.swift"; sourceTree = "<group>"; };
		11FAC38A26A84FC8003D50D8 /* OnboardingSlides.swift */ = {isa = PBXFileReference; lastKnownFileType = sourcecode.swift; path = OnboardingSlides.swift; sourceTree = "<group>"; };
		11FAC38C26A8526A003D50D8 /* OnboardingCollectionViewCell.swift */ = {isa = PBXFileReference; lastKnownFileType = sourcecode.swift; path = OnboardingCollectionViewCell.swift; sourceTree = "<group>"; };
		11FAC39026A85F62003D50D8 /* HomeViewController.swift */ = {isa = PBXFileReference; lastKnownFileType = sourcecode.swift; path = HomeViewController.swift; sourceTree = "<group>"; };
		68A8A5FDCDCF6F18F1D52EA0 /* Pods-Project-SpaceX.release.xcconfig */ = {isa = PBXFileReference; includeInIndex = 1; lastKnownFileType = text.xcconfig; name = "Pods-Project-SpaceX.release.xcconfig"; path = "Target Support Files/Pods-Project-SpaceX/Pods-Project-SpaceX.release.xcconfig"; sourceTree = "<group>"; };
		85ADEC007D34A64D299EAD7B /* Pods-Project-SpaceX.debug.xcconfig */ = {isa = PBXFileReference; includeInIndex = 1; lastKnownFileType = text.xcconfig; name = "Pods-Project-SpaceX.debug.xcconfig"; path = "Target Support Files/Pods-Project-SpaceX/Pods-Project-SpaceX.debug.xcconfig"; sourceTree = "<group>"; };
		E59D06B22A6EAB70B956202D /* Pods_Project_SpaceX.framework */ = {isa = PBXFileReference; explicitFileType = wrapper.framework; includeInIndex = 0; path = Pods_Project_SpaceX.framework; sourceTree = BUILT_PRODUCTS_DIR; };
/* End PBXFileReference section */

/* Begin PBXFrameworksBuildPhase section */
		11FAC36826A84A39003D50D8 /* Frameworks */ = {
			isa = PBXFrameworksBuildPhase;
			buildActionMask = 2147483647;
			files = (
				FF5F73E263EAEC70B0392733 /* Pods_Project_SpaceX.framework in Frameworks */,
			);
			runOnlyForDeploymentPostprocessing = 0;
		};
/* End PBXFrameworksBuildPhase section */

/* Begin PBXGroup section */
		1132BC6426A8B7FD0063FACC /* CollectionViews */ = {
			isa = PBXGroup;
			children = (
				1132BC7026A8CAEC0063FACC /* Rocket */,
				1132BC7126A8CAF70063FACC /* PastLaunches */,
				11C17D2426AA233F0087C9B1 /* UpcomingLaunches */,
			);
			path = CollectionViews;
			sourceTree = "<group>";
		};
		1132BC6D26A8C60E0063FACC /* CardView */ = {
			isa = PBXGroup;
			children = (
				1132BC6E26A8C63D0063FACC /* CardView.swift */,
			);
			path = CardView;
			sourceTree = "<group>";
		};
		1132BC7026A8CAEC0063FACC /* Rocket */ = {
			isa = PBXGroup;
			children = (
				1132BC6526A8B8500063FACC /* RocketCollectionViewCell.swift */,
				1132BC6626A8B8500063FACC /* RocketCollectionViewCell.xib */,
			);
			path = Rocket;
			sourceTree = "<group>";
		};
		1132BC7126A8CAF70063FACC /* PastLaunches */ = {
			isa = PBXGroup;
			children = (
				1132BC7226A8CB190063FACC /* PastLaunchesCollectionViewCell.swift */,
				1132BC7326A8CB190063FACC /* PastLaunchesCollectionViewCell.xib */,
			);
			path = PastLaunches;
			sourceTree = "<group>";
		};
		11C17D2426AA233F0087C9B1 /* UpcomingLaunches */ = {
			isa = PBXGroup;
			children = (
				11C17D2726AA23C60087C9B1 /* UpcomingLaunchesCollectionViewCell.swift */,
				11C17D2826AA23C60087C9B1 /* UpcomingLaunchesCollectionViewCell.xib */,
			);
			path = UpcomingLaunches;
			sourceTree = "<group>";
		};
		11C17D2B26AA31CC0087C9B1 /* LaunchDetail */ = {
			isa = PBXGroup;
			children = (
				11C17D2C26AA31FC0087C9B1 /* LaunchDetailViewController.swift */,
			);
			path = LaunchDetail;
			sourceTree = "<group>";
		};
		11FAC36226A84A39003D50D8 = {
			isa = PBXGroup;
			children = (
				11FAC36D26A84A39003D50D8 /* Project-SpaceX */,
				11FAC36C26A84A39003D50D8 /* Products */,
				A980139FF2F104BA2D411C68 /* Pods */,
				F3F4AD80C80B33962C89AE64 /* Frameworks */,
			);
			sourceTree = "<group>";
		};
		11FAC36C26A84A39003D50D8 /* Products */ = {
			isa = PBXGroup;
			children = (
				11FAC36B26A84A39003D50D8 /* Project-SpaceX.app */,
			);
			name = Products;
			sourceTree = "<group>";
		};
		11FAC36D26A84A39003D50D8 /* Project-SpaceX */ = {
			isa = PBXGroup;
			children = (
				11FAC38726A84D51003D50D8 /* Extensions */,
				11FAC38626A84AF8003D50D8 /* Supporting Files */,
				11FAC38426A84AD7003D50D8 /* Model */,
				11FAC38326A84AD1003D50D8 /* View */,
				11FAC38226A84AC1003D50D8 /* Controller */,
				11FAC37426A84A39003D50D8 /* Main.storyboard */,
				11FAC37726A84A3C003D50D8 /* Assets.xcassets */,
				11FAC37926A84A3C003D50D8 /* LaunchScreen.storyboard */,
				11FAC37C26A84A3C003D50D8 /* Info.plist */,
			);
			path = "Project-SpaceX";
			sourceTree = "<group>";
		};
		11FAC38226A84AC1003D50D8 /* Controller */ = {
			isa = PBXGroup;
			children = (
				11C17D2B26AA31CC0087C9B1 /* LaunchDetail */,
				11FAC38F26A85F44003D50D8 /* Home */,
				11FAC38526A84AE7003D50D8 /* Onboarding */,
			);
			path = Controller;
			sourceTree = "<group>";
		};
		11FAC38326A84AD1003D50D8 /* View */ = {
			isa = PBXGroup;
			children = (
				1132BC6D26A8C60E0063FACC /* CardView */,
				1132BC6426A8B7FD0063FACC /* CollectionViews */,
				11FAC38E26A85F30003D50D8 /* Onboarding */,
			);
			path = View;
			sourceTree = "<group>";
		};
		11FAC38426A84AD7003D50D8 /* Model */ = {
			isa = PBXGroup;
			children = (
				11FAC38A26A84FC8003D50D8 /* OnboardingSlides.swift */,
				1132BC6926A8BAB30063FACC /* RocketModel.swift */,
				1132BC7626A8CEE30063FACC /* PastLaunchModel.swift */,
				11C17D2526AA23790087C9B1 /* UpcomingLaunchModel.swift */,
			);
			path = Model;
			sourceTree = "<group>";
		};
		11FAC38526A84AE7003D50D8 /* Onboarding */ = {
			isa = PBXGroup;
			children = (
				11FAC37226A84A39003D50D8 /* OnboardingViewController.swift */,
			);
			path = Onboarding;
			sourceTree = "<group>";
		};
		11FAC38626A84AF8003D50D8 /* Supporting Files */ = {
			isa = PBXGroup;
			children = (
				11FAC36E26A84A39003D50D8 /* AppDelegate.swift */,
				11FAC37026A84A39003D50D8 /* SceneDelegate.swift */,
			);
			path = "Supporting Files";
			sourceTree = "<group>";
		};
		11FAC38726A84D51003D50D8 /* Extensions */ = {
			isa = PBXGroup;
			children = (
				11FAC38826A84D6C003D50D8 /* UIView+Extension.swift */,
				1132BC6B26A8BE570063FACC /* String+Extension.swift */,
			);
			path = Extensions;
			sourceTree = "<group>";
		};
		11FAC38E26A85F30003D50D8 /* Onboarding */ = {
			isa = PBXGroup;
			children = (
				11FAC38C26A8526A003D50D8 /* OnboardingCollectionViewCell.swift */,
			);
			path = Onboarding;
			sourceTree = "<group>";
		};
		11FAC38F26A85F44003D50D8 /* Home */ = {
			isa = PBXGroup;
			children = (
				11FAC39026A85F62003D50D8 /* HomeViewController.swift */,
			);
			path = Home;
			sourceTree = "<group>";
		};
		A980139FF2F104BA2D411C68 /* Pods */ = {
			isa = PBXGroup;
			children = (
				85ADEC007D34A64D299EAD7B /* Pods-Project-SpaceX.debug.xcconfig */,
				68A8A5FDCDCF6F18F1D52EA0 /* Pods-Project-SpaceX.release.xcconfig */,
			);
			path = Pods;
			sourceTree = "<group>";
		};
		F3F4AD80C80B33962C89AE64 /* Frameworks */ = {
			isa = PBXGroup;
			children = (
				E59D06B22A6EAB70B956202D /* Pods_Project_SpaceX.framework */,
			);
			name = Frameworks;
			sourceTree = "<group>";
		};
/* End PBXGroup section */

/* Begin PBXNativeTarget section */
		11FAC36A26A84A39003D50D8 /* Project-SpaceX */ = {
			isa = PBXNativeTarget;
			buildConfigurationList = 11FAC37F26A84A3C003D50D8 /* Build configuration list for PBXNativeTarget "Project-SpaceX" */;
			buildPhases = (
				D25A1092EE7F30928C7D446A /* [CP] Check Pods Manifest.lock */,
				11FAC36726A84A39003D50D8 /* Sources */,
				11FAC36826A84A39003D50D8 /* Frameworks */,
				11FAC36926A84A39003D50D8 /* Resources */,
				65296B4892B5962F2A70F05B /* [CP] Embed Pods Frameworks */,
			);
			buildRules = (
			);
			dependencies = (
			);
			name = "Project-SpaceX";
			productName = "Project-SpaceX";
			productReference = 11FAC36B26A84A39003D50D8 /* Project-SpaceX.app */;
			productType = "com.apple.product-type.application";
		};
/* End PBXNativeTarget section */

/* Begin PBXProject section */
		11FAC36326A84A39003D50D8 /* Project object */ = {
			isa = PBXProject;
			attributes = {
				LastSwiftUpdateCheck = 1250;
				LastUpgradeCheck = 1250;
				TargetAttributes = {
					11FAC36A26A84A39003D50D8 = {
						CreatedOnToolsVersion = 12.5.1;
					};
				};
			};
			buildConfigurationList = 11FAC36626A84A39003D50D8 /* Build configuration list for PBXProject "Project-SpaceX" */;
			compatibilityVersion = "Xcode 9.3";
			developmentRegion = en;
			hasScannedForEncodings = 0;
			knownRegions = (
				en,
				Base,
			);
			mainGroup = 11FAC36226A84A39003D50D8;
			productRefGroup = 11FAC36C26A84A39003D50D8 /* Products */;
			projectDirPath = "";
			projectRoot = "";
			targets = (
				11FAC36A26A84A39003D50D8 /* Project-SpaceX */,
			);
		};
/* End PBXProject section */

/* Begin PBXResourcesBuildPhase section */
		11FAC36926A84A39003D50D8 /* Resources */ = {
			isa = PBXResourcesBuildPhase;
			buildActionMask = 2147483647;
			files = (
				1132BC6826A8B8510063FACC /* RocketCollectionViewCell.xib in Resources */,
				11FAC37B26A84A3C003D50D8 /* LaunchScreen.storyboard in Resources */,
				11FAC37826A84A3C003D50D8 /* Assets.xcassets in Resources */,
				1132BC7526A8CB190063FACC /* PastLaunchesCollectionViewCell.xib in Resources */,
				11FAC37626A84A39003D50D8 /* Main.storyboard in Resources */,
				11C17D2A26AA23C60087C9B1 /* UpcomingLaunchesCollectionViewCell.xib in Resources */,
			);
			runOnlyForDeploymentPostprocessing = 0;
		};
/* End PBXResourcesBuildPhase section */

/* Begin PBXShellScriptBuildPhase section */
		65296B4892B5962F2A70F05B /* [CP] Embed Pods Frameworks */ = {
			isa = PBXShellScriptBuildPhase;
			buildActionMask = 2147483647;
			files = (
			);
			inputFileListPaths = (
				"${PODS_ROOT}/Target Support Files/Pods-Project-SpaceX/Pods-Project-SpaceX-frameworks-${CONFIGURATION}-input-files.xcfilelist",
			);
			name = "[CP] Embed Pods Frameworks";
			outputFileListPaths = (
				"${PODS_ROOT}/Target Support Files/Pods-Project-SpaceX/Pods-Project-SpaceX-frameworks-${CONFIGURATION}-output-files.xcfilelist",
			);
			runOnlyForDeploymentPostprocessing = 0;
			shellPath = /bin/sh;
			shellScript = "\"${PODS_ROOT}/Target Support Files/Pods-Project-SpaceX/Pods-Project-SpaceX-frameworks.sh\"\n";
			showEnvVarsInLog = 0;
		};
		D25A1092EE7F30928C7D446A /* [CP] Check Pods Manifest.lock */ = {
			isa = PBXShellScriptBuildPhase;
			buildActionMask = 2147483647;
			files = (
			);
			inputFileListPaths = (
			);
			inputPaths = (
				"${PODS_PODFILE_DIR_PATH}/Podfile.lock",
				"${PODS_ROOT}/Manifest.lock",
			);
			name = "[CP] Check Pods Manifest.lock";
			outputFileListPaths = (
			);
			outputPaths = (
				"$(DERIVED_FILE_DIR)/Pods-Project-SpaceX-checkManifestLockResult.txt",
			);
			runOnlyForDeploymentPostprocessing = 0;
			shellPath = /bin/sh;
			shellScript = "diff \"${PODS_PODFILE_DIR_PATH}/Podfile.lock\" \"${PODS_ROOT}/Manifest.lock\" > /dev/null\nif [ $? != 0 ] ; then\n    # print error to STDERR\n    echo \"error: The sandbox is not in sync with the Podfile.lock. Run 'pod install' or update your CocoaPods installation.\" >&2\n    exit 1\nfi\n# This output is used by Xcode 'outputs' to avoid re-running this script phase.\necho \"SUCCESS\" > \"${SCRIPT_OUTPUT_FILE_0}\"\n";
			showEnvVarsInLog = 0;
		};
/* End PBXShellScriptBuildPhase section */

/* Begin PBXSourcesBuildPhase section */
		11FAC36726A84A39003D50D8 /* Sources */ = {
			isa = PBXSourcesBuildPhase;
			buildActionMask = 2147483647;
			files = (
				11C17D2D26AA31FC0087C9B1 /* LaunchDetailViewController.swift in Sources */,
				1132BC6A26A8BAB30063FACC /* RocketModel.swift in Sources */,
				1132BC6726A8B8510063FACC /* RocketCollectionViewCell.swift in Sources */,
				11FAC37326A84A39003D50D8 /* OnboardingViewController.swift in Sources */,
				11FAC36F26A84A39003D50D8 /* AppDelegate.swift in Sources */,
				11FAC38B26A84FC8003D50D8 /* OnboardingSlides.swift in Sources */,
				11FAC38926A84D6C003D50D8 /* UIView+Extension.swift in Sources */,
				1132BC7726A8CEE30063FACC /* PastLaunchModel.swift in Sources */,
				11C17D2926AA23C60087C9B1 /* UpcomingLaunchesCollectionViewCell.swift in Sources */,
				11FAC37126A84A39003D50D8 /* SceneDelegate.swift in Sources */,
				11FAC39126A85F63003D50D8 /* HomeViewController.swift in Sources */,
				1132BC6C26A8BE570063FACC /* String+Extension.swift in Sources */,
				1132BC7426A8CB190063FACC /* PastLaunchesCollectionViewCell.swift in Sources */,
				1132BC6F26A8C63D0063FACC /* CardView.swift in Sources */,
				11C17D2626AA23790087C9B1 /* UpcomingLaunchModel.swift in Sources */,
				11FAC38D26A8526A003D50D8 /* OnboardingCollectionViewCell.swift in Sources */,
			);
			runOnlyForDeploymentPostprocessing = 0;
		};
/* End PBXSourcesBuildPhase section */

/* Begin PBXVariantGroup section */
		11FAC37426A84A39003D50D8 /* Main.storyboard */ = {
			isa = PBXVariantGroup;
			children = (
				11FAC37526A84A39003D50D8 /* Base */,
			);
			name = Main.storyboard;
			sourceTree = "<group>";
		};
		11FAC37926A84A3C003D50D8 /* LaunchScreen.storyboard */ = {
			isa = PBXVariantGroup;
			children = (
				11FAC37A26A84A3C003D50D8 /* Base */,
			);
			name = LaunchScreen.storyboard;
			sourceTree = "<group>";
		};
/* End PBXVariantGroup section */

/* Begin XCBuildConfiguration section */
		11FAC37D26A84A3C003D50D8 /* Debug */ = {
			isa = XCBuildConfiguration;
			buildSettings = {
				ALWAYS_SEARCH_USER_PATHS = NO;
				CLANG_ANALYZER_NONNULL = YES;
				CLANG_ANALYZER_NUMBER_OBJECT_CONVERSION = YES_AGGRESSIVE;
				CLANG_CXX_LANGUAGE_STANDARD = "gnu++14";
				CLANG_CXX_LIBRARY = "libc++";
				CLANG_ENABLE_MODULES = YES;
				CLANG_ENABLE_OBJC_ARC = YES;
				CLANG_ENABLE_OBJC_WEAK = YES;
				CLANG_WARN_BLOCK_CAPTURE_AUTORELEASING = YES;
				CLANG_WARN_BOOL_CONVERSION = YES;
				CLANG_WARN_COMMA = YES;
				CLANG_WARN_CONSTANT_CONVERSION = YES;
				CLANG_WARN_DEPRECATED_OBJC_IMPLEMENTATIONS = YES;
				CLANG_WARN_DIRECT_OBJC_ISA_USAGE = YES_ERROR;
				CLANG_WARN_DOCUMENTATION_COMMENTS = YES;
				CLANG_WARN_EMPTY_BODY = YES;
				CLANG_WARN_ENUM_CONVERSION = YES;
				CLANG_WARN_INFINITE_RECURSION = YES;
				CLANG_WARN_INT_CONVERSION = YES;
				CLANG_WARN_NON_LITERAL_NULL_CONVERSION = YES;
				CLANG_WARN_OBJC_IMPLICIT_RETAIN_SELF = YES;
				CLANG_WARN_OBJC_LITERAL_CONVERSION = YES;
				CLANG_WARN_OBJC_ROOT_CLASS = YES_ERROR;
				CLANG_WARN_QUOTED_INCLUDE_IN_FRAMEWORK_HEADER = YES;
				CLANG_WARN_RANGE_LOOP_ANALYSIS = YES;
				CLANG_WARN_STRICT_PROTOTYPES = YES;
				CLANG_WARN_SUSPICIOUS_MOVE = YES;
				CLANG_WARN_UNGUARDED_AVAILABILITY = YES_AGGRESSIVE;
				CLANG_WARN_UNREACHABLE_CODE = YES;
				CLANG_WARN__DUPLICATE_METHOD_MATCH = YES;
				COPY_PHASE_STRIP = NO;
				DEBUG_INFORMATION_FORMAT = dwarf;
				ENABLE_STRICT_OBJC_MSGSEND = YES;
				ENABLE_TESTABILITY = YES;
				GCC_C_LANGUAGE_STANDARD = gnu11;
				GCC_DYNAMIC_NO_PIC = NO;
				GCC_NO_COMMON_BLOCKS = YES;
				GCC_OPTIMIZATION_LEVEL = 0;
				GCC_PREPROCESSOR_DEFINITIONS = (
					"DEBUG=1",
					"$(inherited)",
				);
				GCC_WARN_64_TO_32_BIT_CONVERSION = YES;
				GCC_WARN_ABOUT_RETURN_TYPE = YES_ERROR;
				GCC_WARN_UNDECLARED_SELECTOR = YES;
				GCC_WARN_UNINITIALIZED_AUTOS = YES_AGGRESSIVE;
				GCC_WARN_UNUSED_FUNCTION = YES;
				GCC_WARN_UNUSED_VARIABLE = YES;
				IPHONEOS_DEPLOYMENT_TARGET = 14.5;
				MTL_ENABLE_DEBUG_INFO = INCLUDE_SOURCE;
				MTL_FAST_MATH = YES;
				ONLY_ACTIVE_ARCH = YES;
				SDKROOT = iphoneos;
				SWIFT_ACTIVE_COMPILATION_CONDITIONS = DEBUG;
				SWIFT_OPTIMIZATION_LEVEL = "-Onone";
			};
			name = Debug;
		};
		11FAC37E26A84A3C003D50D8 /* Release */ = {
			isa = XCBuildConfiguration;
			buildSettings = {
				ALWAYS_SEARCH_USER_PATHS = NO;
				CLANG_ANALYZER_NONNULL = YES;
				CLANG_ANALYZER_NUMBER_OBJECT_CONVERSION = YES_AGGRESSIVE;
				CLANG_CXX_LANGUAGE_STANDARD = "gnu++14";
				CLANG_CXX_LIBRARY = "libc++";
				CLANG_ENABLE_MODULES = YES;
				CLANG_ENABLE_OBJC_ARC = YES;
				CLANG_ENABLE_OBJC_WEAK = YES;
				CLANG_WARN_BLOCK_CAPTURE_AUTORELEASING = YES;
				CLANG_WARN_BOOL_CONVERSION = YES;
				CLANG_WARN_COMMA = YES;
				CLANG_WARN_CONSTANT_CONVERSION = YES;
				CLANG_WARN_DEPRECATED_OBJC_IMPLEMENTATIONS = YES;
				CLANG_WARN_DIRECT_OBJC_ISA_USAGE = YES_ERROR;
				CLANG_WARN_DOCUMENTATION_COMMENTS = YES;
				CLANG_WARN_EMPTY_BODY = YES;
				CLANG_WARN_ENUM_CONVERSION = YES;
				CLANG_WARN_INFINITE_RECURSION = YES;
				CLANG_WARN_INT_CONVERSION = YES;
				CLANG_WARN_NON_LITERAL_NULL_CONVERSION = YES;
				CLANG_WARN_OBJC_IMPLICIT_RETAIN_SELF = YES;
				CLANG_WARN_OBJC_LITERAL_CONVERSION = YES;
				CLANG_WARN_OBJC_ROOT_CLASS = YES_ERROR;
				CLANG_WARN_QUOTED_INCLUDE_IN_FRAMEWORK_HEADER = YES;
				CLANG_WARN_RANGE_LOOP_ANALYSIS = YES;
				CLANG_WARN_STRICT_PROTOTYPES = YES;
				CLANG_WARN_SUSPICIOUS_MOVE = YES;
				CLANG_WARN_UNGUARDED_AVAILABILITY = YES_AGGRESSIVE;
				CLANG_WARN_UNREACHABLE_CODE = YES;
				CLANG_WARN__DUPLICATE_METHOD_MATCH = YES;
				COPY_PHASE_STRIP = NO;
				DEBUG_INFORMATION_FORMAT = "dwarf-with-dsym";
				ENABLE_NS_ASSERTIONS = NO;
				ENABLE_STRICT_OBJC_MSGSEND = YES;
				GCC_C_LANGUAGE_STANDARD = gnu11;
				GCC_NO_COMMON_BLOCKS = YES;
				GCC_WARN_64_TO_32_BIT_CONVERSION = YES;
				GCC_WARN_ABOUT_RETURN_TYPE = YES_ERROR;
				GCC_WARN_UNDECLARED_SELECTOR = YES;
				GCC_WARN_UNINITIALIZED_AUTOS = YES_AGGRESSIVE;
				GCC_WARN_UNUSED_FUNCTION = YES;
				GCC_WARN_UNUSED_VARIABLE = YES;
				IPHONEOS_DEPLOYMENT_TARGET = 14.5;
				MTL_ENABLE_DEBUG_INFO = NO;
				MTL_FAST_MATH = YES;
				SDKROOT = iphoneos;
				SWIFT_COMPILATION_MODE = wholemodule;
				SWIFT_OPTIMIZATION_LEVEL = "-O";
				VALIDATE_PRODUCT = YES;
			};
			name = Release;
		};
		11FAC38026A84A3C003D50D8 /* Debug */ = {
			isa = XCBuildConfiguration;
			baseConfigurationReference = 85ADEC007D34A64D299EAD7B /* Pods-Project-SpaceX.debug.xcconfig */;
			buildSettings = {
				ASSETCATALOG_COMPILER_APPICON_NAME = AppIcon;
				ASSETCATALOG_COMPILER_GLOBAL_ACCENT_COLOR_NAME = AccentColor;
				CODE_SIGN_STYLE = Automatic;
				DEVELOPMENT_TEAM = 89685536Y6;
				INFOPLIST_FILE = "Project-SpaceX/Info.plist";
				LD_RUNPATH_SEARCH_PATHS = (
					"$(inherited)",
					"@executable_path/Frameworks",
				);
				PRODUCT_BUNDLE_IDENTIFIER = "com.umutsever.Project-SpaceX";
				PRODUCT_NAME = "$(TARGET_NAME)";
				SWIFT_VERSION = 5.0;
				TARGETED_DEVICE_FAMILY = "1,2";
			};
			name = Debug;
		};
		11FAC38126A84A3C003D50D8 /* Release */ = {
			isa = XCBuildConfiguration;
			baseConfigurationReference = 68A8A5FDCDCF6F18F1D52EA0 /* Pods-Project-SpaceX.release.xcconfig */;
			buildSettings = {
				ASSETCATALOG_COMPILER_APPICON_NAME = AppIcon;
				ASSETCATALOG_COMPILER_GLOBAL_ACCENT_COLOR_NAME = AccentColor;
				CODE_SIGN_STYLE = Automatic;
				DEVELOPMENT_TEAM = 89685536Y6;
				INFOPLIST_FILE = "Project-SpaceX/Info.plist";
				LD_RUNPATH_SEARCH_PATHS = (
					"$(inherited)",
					"@executable_path/Frameworks",
				);
				PRODUCT_BUNDLE_IDENTIFIER = "com.umutsever.Project-SpaceX";
				PRODUCT_NAME = "$(TARGET_NAME)";
				SWIFT_VERSION = 5.0;
				TARGETED_DEVICE_FAMILY = "1,2";
			};
			name = Release;
		};
/* End XCBuildConfiguration section */

/* Begin XCConfigurationList section */
		11FAC36626A84A39003D50D8 /* Build configuration list for PBXProject "Project-SpaceX" */ = {
			isa = XCConfigurationList;
			buildConfigurations = (
				11FAC37D26A84A3C003D50D8 /* Debug */,
				11FAC37E26A84A3C003D50D8 /* Release */,
			);
			defaultConfigurationIsVisible = 0;
			defaultConfigurationName = Release;
		};
		11FAC37F26A84A3C003D50D8 /* Build configuration list for PBXNativeTarget "Project-SpaceX" */ = {
			isa = XCConfigurationList;
			buildConfigurations = (
				11FAC38026A84A3C003D50D8 /* Debug */,
				11FAC38126A84A3C003D50D8 /* Release */,
			);
			defaultConfigurationIsVisible = 0;
			defaultConfigurationName = Release;
		};
/* End XCConfigurationList section */
	};
	rootObject = 11FAC36326A84A39003D50D8 /* Project object */;
}
